
Microsoft Visual Studio Solution File, Format Version 12.00
# Visual Studio 14
VisualStudioVersion = 14.0.25420.1
MinimumVisualStudioVersion = 10.0.40219.1
Project("{FAE04EC0-301F-11D3-BF4B-00C04F79EFBC}") = "StringKata2", "StringKata2\StringKata2.csproj", "{EA41F384-4180-433C-A7E8-A0FF6DD25B39}"
EndProject
Project("{FAE04EC0-301F-11D3-BF4B-00C04F79EFBC}") = "StringKata2Tests", "StringKata2Tests\StringKata2Tests.csproj", "{6C4DF99E-1630-4595-A922-738C17AF1716}"
EndProject
Global
	GlobalSection(SolutionConfigurationPlatforms) = preSolution
		Debug|Any CPU = Debug|Any CPU
		Release|Any CPU = Release|Any CPU
	EndGlobalSection
	GlobalSection(ProjectConfigurationPlatforms) = postSolution
		{EA41F384-4180-433C-A7E8-A0FF6DD25B39}.Debug|Any CPU.ActiveCfg = Debug|Any CPU
		{EA41F384-4180-433C-A7E8-A0FF6DD25B39}.Debug|Any CPU.Build.0 = Debug|Any CPU
		{EA41F384-4180-433C-A7E8-A0FF6DD25B39}.Release|Any CPU.ActiveCfg = Release|Any CPU
		{EA41F384-4180-433C-A7E8-A0FF6DD25B39}.Release|Any CPU.Build.0 = Release|Any CPU
		{6C4DF99E-1630-4595-A922-738C17AF1716}.Debug|Any CPU.ActiveCfg = Debug|Any CPU
		{6C4DF99E-1630-4595-A922-738C17AF1716}.Debug|Any CPU.Build.0 = Debug|Any CPU
		{6C4DF99E-1630-4595-A922-738C17AF1716}.Release|Any CPU.ActiveCfg = Release|Any CPU
		{6C4DF99E-1630-4595-A922-738C17AF1716}.Release|Any CPU.Build.0 = Release|Any CPU
	EndGlobalSection
	GlobalSection(SolutionProperties) = preSolution
		HideSolutionNode = FALSE
	EndGlobalSection
EndGlobal
